
Microsoft Visual Studio Solution File, Format Version 12.00
# Visual Studio Version 17
VisualStudioVersion = 17.0.31903.59
MinimumVisualStudioVersion = 10.0.40219.1
Project("{2150E333-8FDC-42A3-9474-1A3956D46DE8}") = "src", "src", "{827E0CD3-B72D-47B6-A68D-7590B98EB39B}"
EndProject
Project("{2150E333-8FDC-42A3-9474-1A3956D46DE8}") = "BuildingBlocks", "BuildingBlocks", "{90298CBA-BD6F-3A0A-69D5-97CAD7B05E7E}"
EndProject
Project("{FAE04EC0-301F-11D3-BF4B-00C04F79EFBC}") = "Aeon.BuildingBlocks.CQRS", "src\BuildingBlocks\Aeon.BuildingBlocks.CQRS\Aeon.BuildingBlocks.CQRS.csproj", "{63838EAC-DEB8-4F85-9A86-B97A8EB80F2A}"
EndProject
Project("{FAE04EC0-301F-11D3-BF4B-00C04F79EFBC}") = "Aeon.BuildingBlocks.Web", "src\BuildingBlocks\Aeon.BuildingBlocks.Web\Aeon.BuildingBlocks.Web.csproj", "{5519817C-8740-480F-AAC0-E6965F1BBE88}"
EndProject
Project("{2150E333-8FDC-42A3-9474-1A3956D46DE8}") = "Services", "Services", "{984BB9B3-3FA3-BE33-9484-CAC21695A33C}"
EndProject
Project("{2150E333-8FDC-42A3-9474-1A3956D46DE8}") = "Identity", "Identity", "{1BFC9479-12BF-35C3-06B8-42D89D95092B}"
EndProject
Project("{FAE04EC0-301F-11D3-BF4B-00C04F79EFBC}") = "Aeon.Identity.Domain", "src\Services\Identity\Aeon.Identity.Domain\Aeon.Identity.Domain.csproj", "{2F3E4589-9654-48AD-AF06-5E964576BA78}"
EndProject
Project("{FAE04EC0-301F-11D3-BF4B-00C04F79EFBC}") = "Aeon.Identity.Application", "src\Services\Identity\Aeon.Identity.Application\Aeon.Identity.Application.csproj", "{F27693FA-B3D1-433C-8A93-B81094179746}"
EndProject
Project("{FAE04EC0-301F-11D3-BF4B-00C04F79EFBC}") = "Aeon.Identity.Infrastructure", "src\Services\Identity\Aeon.Identity.Infrastructure\Aeon.Identity.Infrastructure.csproj", "{17CBA195-17FF-4E64-A36B-9228FFDD21D6}"
EndProject
Project("{FAE04EC0-301F-11D3-BF4B-00C04F79EFBC}") = "Aeon.Identity.Api", "src\Services\Identity\Aeon.Identity.Api\Aeon.Identity.Api.csproj", "{CA65657D-AFE8-46A4-9D68-7BB2C1E9D178}"
EndProject
Project("{2150E333-8FDC-42A3-9474-1A3956D46DE8}") = "Shared", "Shared", "{C8E42992-5E42-0C2B-DBFE-AA848D06431C}"
EndProject
Project("{FAE04EC0-301F-11D3-BF4B-00C04F79EFBC}") = "Aeon.Common.Kernel", "src\Shared\Aeon.Common.Kernel\Aeon.Common.Kernel.csproj", "{8785BD9F-D9D7-4B19-AF0D-DC262A3D15D5}"
EndProject
Global
	GlobalSection(SolutionConfigurationPlatforms) = preSolution
		Debug|Any CPU = Debug|Any CPU
		Debug|x64 = Debug|x64
		Debug|x86 = Debug|x86
		Release|Any CPU = Release|Any CPU
		Release|x64 = Release|x64
		Release|x86 = Release|x86
	EndGlobalSection
	GlobalSection(ProjectConfigurationPlatforms) = postSolution
		{63838EAC-DEB8-4F85-9A86-B97A8EB80F2A}.Debug|Any CPU.ActiveCfg = Debug|Any CPU
		{63838EAC-DEB8-4F85-9A86-B97A8EB80F2A}.Debug|Any CPU.Build.0 = Debug|Any CPU
		{63838EAC-DEB8-4F85-9A86-B97A8EB80F2A}.Debug|x64.ActiveCfg = Debug|Any CPU
		{63838EAC-DEB8-4F85-9A86-B97A8EB80F2A}.Debug|x64.Build.0 = Debug|Any CPU
		{63838EAC-DEB8-4F85-9A86-B97A8EB80F2A}.Debug|x86.ActiveCfg = Debug|Any CPU
		{63838EAC-DEB8-4F85-9A86-B97A8EB80F2A}.Debug|x86.Build.0 = Debug|Any CPU
		{63838EAC-DEB8-4F85-9A86-B97A8EB80F2A}.Release|Any CPU.ActiveCfg = Release|Any CPU
		{63838EAC-DEB8-4F85-9A86-B97A8EB80F2A}.Release|Any CPU.Build.0 = Release|Any CPU
		{63838EAC-DEB8-4F85-9A86-B97A8EB80F2A}.Release|x64.ActiveCfg = Release|Any CPU
		{63838EAC-DEB8-4F85-9A86-B97A8EB80F2A}.Release|x64.Build.0 = Release|Any CPU
		{63838EAC-DEB8-4F85-9A86-B97A8EB80F2A}.Release|x86.ActiveCfg = Release|Any CPU
		{63838EAC-DEB8-4F85-9A86-B97A8EB80F2A}.Release|x86.Build.0 = Release|Any CPU
		{5519817C-8740-480F-AAC0-E6965F1BBE88}.Debug|Any CPU.ActiveCfg = Debug|Any CPU
		{5519817C-8740-480F-AAC0-E6965F1BBE88}.Debug|Any CPU.Build.0 = Debug|Any CPU
		{5519817C-8740-480F-AAC0-E6965F1BBE88}.Debug|x64.ActiveCfg = Debug|Any CPU
		{5519817C-8740-480F-AAC0-E6965F1BBE88}.Debug|x64.Build.0 = Debug|Any CPU
		{5519817C-8740-480F-AAC0-E6965F1BBE88}.Debug|x86.ActiveCfg = Debug|Any CPU
		{5519817C-8740-480F-AAC0-E6965F1BBE88}.Debug|x86.Build.0 = Debug|Any CPU
		{5519817C-8740-480F-AAC0-E6965F1BBE88}.Release|Any CPU.ActiveCfg = Release|Any CPU
		{5519817C-8740-480F-AAC0-E6965F1BBE88}.Release|Any CPU.Build.0 = Release|Any CPU
		{5519817C-8740-480F-AAC0-E6965F1BBE88}.Release|x64.ActiveCfg = Release|Any CPU
		{5519817C-8740-480F-AAC0-E6965F1BBE88}.Release|x64.Build.0 = Release|Any CPU
		{5519817C-8740-480F-AAC0-E6965F1BBE88}.Release|x86.ActiveCfg = Release|Any CPU
		{5519817C-8740-480F-AAC0-E6965F1BBE88}.Release|x86.Build.0 = Release|Any CPU
		{2F3E4589-9654-48AD-AF06-5E964576BA78}.Debug|Any CPU.ActiveCfg = Debug|Any CPU
		{2F3E4589-9654-48AD-AF06-5E964576BA78}.Debug|Any CPU.Build.0 = Debug|Any CPU
		{2F3E4589-9654-48AD-AF06-5E964576BA78}.Debug|x64.ActiveCfg = Debug|Any CPU
		{2F3E4589-9654-48AD-AF06-5E964576BA78}.Debug|x64.Build.0 = Debug|Any CPU
		{2F3E4589-9654-48AD-AF06-5E964576BA78}.Debug|x86.ActiveCfg = Debug|Any CPU
		{2F3E4589-9654-48AD-AF06-5E964576BA78}.Debug|x86.Build.0 = Debug|Any CPU
		{2F3E4589-9654-48AD-AF06-5E964576BA78}.Release|Any CPU.ActiveCfg = Release|Any CPU
		{2F3E4589-9654-48AD-AF06-5E964576BA78}.Release|Any CPU.Build.0 = Release|Any CPU
		{2F3E4589-9654-48AD-AF06-5E964576BA78}.Release|x64.ActiveCfg = Release|Any CPU
		{2F3E4589-9654-48AD-AF06-5E964576BA78}.Release|x64.Build.0 = Release|Any CPU
		{2F3E4589-9654-48AD-AF06-5E964576BA78}.Release|x86.ActiveCfg = Release|Any CPU
		{2F3E4589-9654-48AD-AF06-5E964576BA78}.Release|x86.Build.0 = Release|Any CPU
		{F27693FA-B3D1-433C-8A93-B81094179746}.Debug|Any CPU.ActiveCfg = Debug|Any CPU
		{F27693FA-B3D1-433C-8A93-B81094179746}.Debug|Any CPU.Build.0 = Debug|Any CPU
		{F27693FA-B3D1-433C-8A93-B81094179746}.Debug|x64.ActiveCfg = Debug|Any CPU
		{F27693FA-B3D1-433C-8A93-B81094179746}.Debug|x64.Build.0 = Debug|Any CPU
		{F27693FA-B3D1-433C-8A93-B81094179746}.Debug|x86.ActiveCfg = Debug|Any CPU
		{F27693FA-B3D1-433C-8A93-B81094179746}.Debug|x86.Build.0 = Debug|Any CPU
		{F27693FA-B3D1-433C-8A93-B81094179746}.Release|Any CPU.ActiveCfg = Release|Any CPU
		{F27693FA-B3D1-433C-8A93-B81094179746}.Release|Any CPU.Build.0 = Release|Any CPU
		{F27693FA-B3D1-433C-8A93-B81094179746}.Release|x64.ActiveCfg = Release|Any CPU
		{F27693FA-B3D1-433C-8A93-B81094179746}.Release|x64.Build.0 = Release|Any CPU
		{F27693FA-B3D1-433C-8A93-B81094179746}.Release|x86.ActiveCfg = Release|Any CPU
		{F27693FA-B3D1-433C-8A93-B81094179746}.Release|x86.Build.0 = Release|Any CPU
		{17CBA195-17FF-4E64-A36B-9228FFDD21D6}.Debug|Any CPU.ActiveCfg = Debug|Any CPU
		{17CBA195-17FF-4E64-A36B-9228FFDD21D6}.Debug|Any CPU.Build.0 = Debug|Any CPU
		{17CBA195-17FF-4E64-A36B-9228FFDD21D6}.Debug|x64.ActiveCfg = Debug|Any CPU
		{17CBA195-17FF-4E64-A36B-9228FFDD21D6}.Debug|x64.Build.0 = Debug|Any CPU
		{17CBA195-17FF-4E64-A36B-9228FFDD21D6}.Debug|x86.ActiveCfg = Debug|Any CPU
		{17CBA195-17FF-4E64-A36B-9228FFDD21D6}.Debug|x86.Build.0 = Debug|Any CPU
		{17CBA195-17FF-4E64-A36B-9228FFDD21D6}.Release|Any CPU.ActiveCfg = Release|Any CPU
		{17CBA195-17FF-4E64-A36B-9228FFDD21D6}.Release|Any CPU.Build.0 = Release|Any CPU
		{17CBA195-17FF-4E64-A36B-9228FFDD21D6}.Release|x64.ActiveCfg = Release|Any CPU
		{17CBA195-17FF-4E64-A36B-9228FFDD21D6}.Release|x64.Build.0 = Release|Any CPU
		{17CBA195-17FF-4E64-A36B-9228FFDD21D6}.Release|x86.ActiveCfg = Release|Any CPU
		{17CBA195-17FF-4E64-A36B-9228FFDD21D6}.Release|x86.Build.0 = Release|Any CPU
		{CA65657D-AFE8-46A4-9D68-7BB2C1E9D178}.Debug|Any CPU.ActiveCfg = Debug|Any CPU
		{CA65657D-AFE8-46A4-9D68-7BB2C1E9D178}.Debug|Any CPU.Build.0 = Debug|Any CPU
		{CA65657D-AFE8-46A4-9D68-7BB2C1E9D178}.Debug|x64.ActiveCfg = Debug|Any CPU
		{CA65657D-AFE8-46A4-9D68-7BB2C1E9D178}.Debug|x64.Build.0 = Debug|Any CPU
		{CA65657D-AFE8-46A4-9D68-7BB2C1E9D178}.Debug|x86.ActiveCfg = Debug|Any CPU
		{CA65657D-AFE8-46A4-9D68-7BB2C1E9D178}.Debug|x86.Build.0 = Debug|Any CPU
		{CA65657D-AFE8-46A4-9D68-7BB2C1E9D178}.Release|Any CPU.ActiveCfg = Release|Any CPU
		{CA65657D-AFE8-46A4-9D68-7BB2C1E9D178}.Release|Any CPU.Build.0 = Release|Any CPU
		{CA65657D-AFE8-46A4-9D68-7BB2C1E9D178}.Release|x64.ActiveCfg = Release|Any CPU
		{CA65657D-AFE8-46A4-9D68-7BB2C1E9D178}.Release|x64.Build.0 = Release|Any CPU
		{CA65657D-AFE8-46A4-9D68-7BB2C1E9D178}.Release|x86.ActiveCfg = Release|Any CPU
		{CA65657D-AFE8-46A4-9D68-7BB2C1E9D178}.Release|x86.Build.0 = Release|Any CPU
		{8785BD9F-D9D7-4B19-AF0D-DC262A3D15D5}.Debug|Any CPU.ActiveCfg = Debug|Any CPU
		{8785BD9F-D9D7-4B19-AF0D-DC262A3D15D5}.Debug|Any CPU.Build.0 = Debug|Any CPU
		{8785BD9F-D9D7-4B19-AF0D-DC262A3D15D5}.Debug|x64.ActiveCfg = Debug|Any CPU
		{8785BD9F-D9D7-4B19-AF0D-DC262A3D15D5}.Debug|x64.Build.0 = Debug|Any CPU
		{8785BD9F-D9D7-4B19-AF0D-DC262A3D15D5}.Debug|x86.ActiveCfg = Debug|Any CPU
		{8785BD9F-D9D7-4B19-AF0D-DC262A3D15D5}.Debug|x86.Build.0 = Debug|Any CPU
		{8785BD9F-D9D7-4B19-AF0D-DC262A3D15D5}.Release|Any CPU.ActiveCfg = Release|Any CPU
		{8785BD9F-D9D7-4B19-AF0D-DC262A3D15D5}.Release|Any CPU.Build.0 = Release|Any CPU
		{8785BD9F-D9D7-4B19-AF0D-DC262A3D15D5}.Release|x64.ActiveCfg = Release|Any CPU
		{8785BD9F-D9D7-4B19-AF0D-DC262A3D15D5}.Release|x64.Build.0 = Release|Any CPU
		{8785BD9F-D9D7-4B19-AF0D-DC262A3D15D5}.Release|x86.ActiveCfg = Release|Any CPU
		{8785BD9F-D9D7-4B19-AF0D-DC262A3D15D5}.Release|x86.Build.0 = Release|Any CPU
	EndGlobalSection
	GlobalSection(SolutionProperties) = preSolution
		HideSolutionNode = FALSE
	EndGlobalSection
	GlobalSection(NestedProjects) = preSolution
		{90298CBA-BD6F-3A0A-69D5-97CAD7B05E7E} = {827E0CD3-B72D-47B6-A68D-7590B98EB39B}
		{63838EAC-DEB8-4F85-9A86-B97A8EB80F2A} = {90298CBA-BD6F-3A0A-69D5-97CAD7B05E7E}
		{5519817C-8740-480F-AAC0-E6965F1BBE88} = {90298CBA-BD6F-3A0A-69D5-97CAD7B05E7E}
		{984BB9B3-3FA3-BE33-9484-CAC21695A33C} = {827E0CD3-B72D-47B6-A68D-7590B98EB39B}
		{1BFC9479-12BF-35C3-06B8-42D89D95092B} = {984BB9B3-3FA3-BE33-9484-CAC21695A33C}
		{2F3E4589-9654-48AD-AF06-5E964576BA78} = {1BFC9479-12BF-35C3-06B8-42D89D95092B}
		{F27693FA-B3D1-433C-8A93-B81094179746} = {1BFC9479-12BF-35C3-06B8-42D89D95092B}
		{17CBA195-17FF-4E64-A36B-9228FFDD21D6} = {1BFC9479-12BF-35C3-06B8-42D89D95092B}
		{CA65657D-AFE8-46A4-9D68-7BB2C1E9D178} = {1BFC9479-12BF-35C3-06B8-42D89D95092B}
		{C8E42992-5E42-0C2B-DBFE-AA848D06431C} = {827E0CD3-B72D-47B6-A68D-7590B98EB39B}
		{8785BD9F-D9D7-4B19-AF0D-DC262A3D15D5} = {C8E42992-5E42-0C2B-DBFE-AA848D06431C}
	EndGlobalSection
EndGlobal
